
Microsoft Visual Studio Solution File, Format Version 12.00
# Visual Studio Version 16
VisualStudioVersion = 16.0.30503.244
MinimumVisualStudioVersion = 10.0.40219.1
Project("{FAE04EC0-301F-11D3-BF4B-00C04F79EFBC}") = "factorial", "factorial.csproj", "{F68D829B-03D7-401D-B23E-D6395463E90A}"
EndProject
Global
	GlobalSection(SolutionConfigurationPlatforms) = preSolution
		Debug|Any CPU = Debug|Any CPU
		Release|Any CPU = Release|Any CPU
	EndGlobalSection
	GlobalSection(ProjectConfigurationPlatforms) = postSolution
		{F68D829B-03D7-401D-B23E-D6395463E90A}.Debug|Any CPU.ActiveCfg = Debug|Any CPU
		{F68D829B-03D7-401D-B23E-D6395463E90A}.Debug|Any CPU.Build.0 = Debug|Any CPU
		{F68D829B-03D7-401D-B23E-D6395463E90A}.Release|Any CPU.ActiveCfg = Release|Any CPU
		{F68D829B-03D7-401D-B23E-D6395463E90A}.Release|Any CPU.Build.0 = Release|Any CPU
	EndGlobalSection
	GlobalSection(SolutionProperties) = preSolution
		HideSolutionNode = FALSE
	EndGlobalSection
	GlobalSection(ExtensibilityGlobals) = postSolution
		SolutionGuid = {9FFBB498-11E8-4AFE-801A-FCF79E0507A4}
	EndGlobalSection
EndGlobal
