
Microsoft Visual Studio Solution File, Format Version 12.00
# Visual Studio Version 16
VisualStudioVersion = 16.0.30503.244
MinimumVisualStudioVersion = 10.0.40219.1
Project("{FAE04EC0-301F-11D3-BF4B-00C04F79EFBC}") = "spiral", "spiral.csproj", "{1FA9CB02-102E-4C0F-80E1-7584393B97B0}"
EndProject
Global
	GlobalSection(SolutionConfigurationPlatforms) = preSolution
		Debug|Any CPU = Debug|Any CPU
		Release|Any CPU = Release|Any CPU
	EndGlobalSection
	GlobalSection(ProjectConfigurationPlatforms) = postSolution
		{1FA9CB02-102E-4C0F-80E1-7584393B97B0}.Debug|Any CPU.ActiveCfg = Debug|Any CPU
		{1FA9CB02-102E-4C0F-80E1-7584393B97B0}.Debug|Any CPU.Build.0 = Debug|Any CPU
		{1FA9CB02-102E-4C0F-80E1-7584393B97B0}.Release|Any CPU.ActiveCfg = Release|Any CPU
		{1FA9CB02-102E-4C0F-80E1-7584393B97B0}.Release|Any CPU.Build.0 = Release|Any CPU
	EndGlobalSection
	GlobalSection(SolutionProperties) = preSolution
		HideSolutionNode = FALSE
	EndGlobalSection
	GlobalSection(ExtensibilityGlobals) = postSolution
		SolutionGuid = {CDB3AA1A-7754-4713-858A-FB557620C2F3}
	EndGlobalSection
EndGlobal
